
Microsoft Visual Studio Solution File, Format Version 12.00
# Visual Studio 15
VisualStudioVersion = 15.0.26730.16
MinimumVisualStudioVersion = 10.0.40219.1
Project("{FAE04EC0-301F-11D3-BF4B-00C04F79EFBC}") = "SOLIDCalc", "SOLIDCalc\SOLIDCalc.csproj", "{A1C68E6F-0C4C-4A29-9447-E80311B48CB6}"
EndProject
Global
	GlobalSection(SolutionConfigurationPlatforms) = preSolution
		Debug|Any CPU = Debug|Any CPU
		Release|Any CPU = Release|Any CPU
	EndGlobalSection
	GlobalSection(ProjectConfigurationPlatforms) = postSolution
		{A1C68E6F-0C4C-4A29-9447-E80311B48CB6}.Debug|Any CPU.ActiveCfg = Debug|Any CPU
		{A1C68E6F-0C4C-4A29-9447-E80311B48CB6}.Debug|Any CPU.Build.0 = Debug|Any CPU
		{A1C68E6F-0C4C-4A29-9447-E80311B48CB6}.Release|Any CPU.ActiveCfg = Release|Any CPU
		{A1C68E6F-0C4C-4A29-9447-E80311B48CB6}.Release|Any CPU.Build.0 = Release|Any CPU
	EndGlobalSection
	GlobalSection(SolutionProperties) = preSolution
		HideSolutionNode = FALSE
	EndGlobalSection
	GlobalSection(ExtensibilityGlobals) = postSolution
		SolutionGuid = {6987C2C6-9E78-4426-9E82-33FE858C0C0B}
	EndGlobalSection
EndGlobal
